
Microsoft Visual Studio Solution File, Format Version 12.00
# Visual Studio 14
VisualStudioVersion = 14.0.25420.1
MinimumVisualStudioVersion = 10.0.40219.1
Project("{FAE04EC0-301F-11D3-BF4B-00C04F79EFBC}") = "Geeky.Models.Base", "Geeky.Models.Base\Geeky.Models.Base.csproj", "{853148B1-5A50-42F2-8363-33D148245CB2}"
EndProject
Project("{FAE04EC0-301F-11D3-BF4B-00C04F79EFBC}") = "Geeky.Models.Bud", "Geeky.Models.Bud\Geeky.Models.Bud.csproj", "{14DD1134-6567-4A6B-ADA7-F11220D3E351}"
EndProject
Project("{FAE04EC0-301F-11D3-BF4B-00C04F79EFBC}") = "Geeky.Models.Swim", "Geeky.Models.Swim\Geeky.Models.Swim.csproj", "{52D4D572-BEF0-4F9F-B728-12D917FC6F5A}"
EndProject
Project("{FAE04EC0-301F-11D3-BF4B-00C04F79EFBC}") = "Geeky.Models.Boating", "Geeky.Models.Boating\Geeky.Models.Boating.csproj", "{3EF58B82-D62E-4E07-8A8E-794D246C0543}"
EndProject
Project("{FAE04EC0-301F-11D3-BF4B-00C04F79EFBC}") = "ImageMaker", "ImageMaker\ImageMaker.csproj", "{91CDCE6C-FB28-450E-9462-85D219F7FD3B}"
EndProject
Project("{FAE04EC0-301F-11D3-BF4B-00C04F79EFBC}") = "Geeky.Sea.Client", "Geeky.Sea.Client\Geeky.Sea.Client.csproj", "{E7CE470E-4113-48C9-965A-259D16A022A8}"
EndProject
Project("{8BB2217D-0F2D-49D1-97BC-3654ED321F3B}") = "Geeky.Masterv2", "Geeky.Masterv2\Geeky.Masterv2.xproj", "{2F39E271-C671-4800-A40E-BAC2C0662948}"
EndProject
Project("{FAE04EC0-301F-11D3-BF4B-00C04F79EFBC}") = "Geeky.Models.Identity", "Geeky.Models.Identity\Geeky.Models.Identity.csproj", "{67F9D3A8-F71E-4428-913F-C37AE82CDB24}"
EndProject
Global
	GlobalSection(SolutionConfigurationPlatforms) = preSolution
		Debug|Any CPU = Debug|Any CPU
		Release|Any CPU = Release|Any CPU
	EndGlobalSection
	GlobalSection(ProjectConfigurationPlatforms) = postSolution
		{853148B1-5A50-42F2-8363-33D148245CB2}.Debug|Any CPU.ActiveCfg = Debug|Any CPU
		{853148B1-5A50-42F2-8363-33D148245CB2}.Debug|Any CPU.Build.0 = Debug|Any CPU
		{853148B1-5A50-42F2-8363-33D148245CB2}.Release|Any CPU.ActiveCfg = Release|Any CPU
		{853148B1-5A50-42F2-8363-33D148245CB2}.Release|Any CPU.Build.0 = Release|Any CPU
		{14DD1134-6567-4A6B-ADA7-F11220D3E351}.Debug|Any CPU.ActiveCfg = Debug|Any CPU
		{14DD1134-6567-4A6B-ADA7-F11220D3E351}.Debug|Any CPU.Build.0 = Debug|Any CPU
		{14DD1134-6567-4A6B-ADA7-F11220D3E351}.Release|Any CPU.ActiveCfg = Release|Any CPU
		{14DD1134-6567-4A6B-ADA7-F11220D3E351}.Release|Any CPU.Build.0 = Release|Any CPU
		{52D4D572-BEF0-4F9F-B728-12D917FC6F5A}.Debug|Any CPU.ActiveCfg = Debug|Any CPU
		{52D4D572-BEF0-4F9F-B728-12D917FC6F5A}.Debug|Any CPU.Build.0 = Debug|Any CPU
		{52D4D572-BEF0-4F9F-B728-12D917FC6F5A}.Release|Any CPU.ActiveCfg = Release|Any CPU
		{52D4D572-BEF0-4F9F-B728-12D917FC6F5A}.Release|Any CPU.Build.0 = Release|Any CPU
		{3EF58B82-D62E-4E07-8A8E-794D246C0543}.Debug|Any CPU.ActiveCfg = Debug|Any CPU
		{3EF58B82-D62E-4E07-8A8E-794D246C0543}.Debug|Any CPU.Build.0 = Debug|Any CPU
		{3EF58B82-D62E-4E07-8A8E-794D246C0543}.Release|Any CPU.ActiveCfg = Release|Any CPU
		{3EF58B82-D62E-4E07-8A8E-794D246C0543}.Release|Any CPU.Build.0 = Release|Any CPU
		{91CDCE6C-FB28-450E-9462-85D219F7FD3B}.Debug|Any CPU.ActiveCfg = Debug|Any CPU
		{91CDCE6C-FB28-450E-9462-85D219F7FD3B}.Debug|Any CPU.Build.0 = Debug|Any CPU
		{91CDCE6C-FB28-450E-9462-85D219F7FD3B}.Release|Any CPU.ActiveCfg = Release|Any CPU
		{91CDCE6C-FB28-450E-9462-85D219F7FD3B}.Release|Any CPU.Build.0 = Release|Any CPU
		{E7CE470E-4113-48C9-965A-259D16A022A8}.Debug|Any CPU.ActiveCfg = Debug|Any CPU
		{E7CE470E-4113-48C9-965A-259D16A022A8}.Debug|Any CPU.Build.0 = Debug|Any CPU
		{E7CE470E-4113-48C9-965A-259D16A022A8}.Release|Any CPU.ActiveCfg = Release|Any CPU
		{E7CE470E-4113-48C9-965A-259D16A022A8}.Release|Any CPU.Build.0 = Release|Any CPU
		{2F39E271-C671-4800-A40E-BAC2C0662948}.Debug|Any CPU.ActiveCfg = Debug|Any CPU
		{2F39E271-C671-4800-A40E-BAC2C0662948}.Debug|Any CPU.Build.0 = Debug|Any CPU
		{2F39E271-C671-4800-A40E-BAC2C0662948}.Release|Any CPU.ActiveCfg = Release|Any CPU
		{2F39E271-C671-4800-A40E-BAC2C0662948}.Release|Any CPU.Build.0 = Release|Any CPU
		{67F9D3A8-F71E-4428-913F-C37AE82CDB24}.Debug|Any CPU.ActiveCfg = Debug|Any CPU
		{67F9D3A8-F71E-4428-913F-C37AE82CDB24}.Debug|Any CPU.Build.0 = Debug|Any CPU
		{67F9D3A8-F71E-4428-913F-C37AE82CDB24}.Release|Any CPU.ActiveCfg = Release|Any CPU
		{67F9D3A8-F71E-4428-913F-C37AE82CDB24}.Release|Any CPU.Build.0 = Release|Any CPU
	EndGlobalSection
	GlobalSection(SolutionProperties) = preSolution
		HideSolutionNode = FALSE
	EndGlobalSection
EndGlobal
