
Microsoft Visual Studio Solution File, Format Version 12.00
# Visual Studio 14
VisualStudioVersion = 14.0.24720.0
MinimumVisualStudioVersion = 10.0.40219.1
Project("{8BB2217D-0F2D-49D1-97BC-3654ED321F3B}") = "Geeky.Master", "Geeky.Master\Geeky.Master.xproj", "{00E07584-79B0-4C42-93A6-5C5A88746938}"
EndProject
Project("{FAE04EC0-301F-11D3-BF4B-00C04F79EFBC}") = "Geeky.Models.Base", "Geeky.Models.Base\Geeky.Models.Base.csproj", "{853148B1-5A50-42F2-8363-33D148245CB2}"
EndProject
Global
	GlobalSection(SolutionConfigurationPlatforms) = preSolution
		Debug|Any CPU = Debug|Any CPU
		Release|Any CPU = Release|Any CPU
	EndGlobalSection
	GlobalSection(ProjectConfigurationPlatforms) = postSolution
		{00E07584-79B0-4C42-93A6-5C5A88746938}.Debug|Any CPU.ActiveCfg = Debug|Any CPU
		{00E07584-79B0-4C42-93A6-5C5A88746938}.Debug|Any CPU.Build.0 = Debug|Any CPU
		{00E07584-79B0-4C42-93A6-5C5A88746938}.Release|Any CPU.ActiveCfg = Release|Any CPU
		{00E07584-79B0-4C42-93A6-5C5A88746938}.Release|Any CPU.Build.0 = Release|Any CPU
		{853148B1-5A50-42F2-8363-33D148245CB2}.Debug|Any CPU.ActiveCfg = Debug|Any CPU
		{853148B1-5A50-42F2-8363-33D148245CB2}.Debug|Any CPU.Build.0 = Debug|Any CPU
		{853148B1-5A50-42F2-8363-33D148245CB2}.Release|Any CPU.ActiveCfg = Release|Any CPU
		{853148B1-5A50-42F2-8363-33D148245CB2}.Release|Any CPU.Build.0 = Release|Any CPU
	EndGlobalSection
	GlobalSection(SolutionProperties) = preSolution
		HideSolutionNode = FALSE
	EndGlobalSection
EndGlobal
